// !$*UTF8*$!
{
	archiveVersion = 1;
	classes = {
	};
	objectVersion = 48;
	objects = {

/* Begin PBXBuildFile section */
		6170B2B71EF2F59F00CD0ADD /* VoltageShift.h in Headers */ = {isa = PBXBuildFile; fileRef = 6170B2B61EF2F59F00CD0ADD /* VoltageShift.h */; };
		AB47DDBA17E2893200840FD1 /* VoltageShfit.cpp in Sources */ = {isa = PBXBuildFile; fileRef = ABC74F0A17983B9900B182E7 /* VoltageShfit.cpp */; };
		CD24F6992DD0EDF1008FA335 /* main.mm in Sources */ = {isa = PBXBuildFile; fileRef = CD24F6802DD0EBD8008FA335 /* main.mm */; };
		CD24F69C2DD0EFEC008FA335 /* IOKit.framework in Frameworks */ = {isa = PBXBuildFile; fileRef = CDE51A282AA765ED0022F6DC /* IOKit.framework */; };
		CD24F69D2DD0EFEF008FA335 /* Foundation.framework in Frameworks */ = {isa = PBXBuildFile; fileRef = AB1B031617E25FC000DD337E /* Foundation.framework */; };
		CD24F6A12DD0F2FD008FA335 /* libkmod.a in Frameworks */ = {isa = PBXBuildFile; fileRef = CD24F6A02DD0F2FD008FA335 /* libkmod.a */; };
		CD24F6A22DD0F321008FA335 /* InfoPlist.strings in Resources */ = {isa = PBXBuildFile; fileRef = ABC74F0617983B9900B182E7 /* InfoPlist.strings */; };
/* End PBXBuildFile section */

/* Begin PBXContainerItemProxy section */
		CD24F69A2DD0EE43008FA335 /* PBXContainerItemProxy */ = {
			isa = PBXContainerItemProxy;
			containerPortal = ABC74EF317983B9900B182E7 /* Project object */;
			proxyType = 1;
			remoteGlobalIDString = CD24F6912DD0ED75008FA335;
			remoteInfo = voltageshiftd;
		};
/* End PBXContainerItemProxy section */

/* Begin PBXCopyFilesBuildPhase section */
		CD24F6902DD0ED75008FA335 /* CopyFiles */ = {
			isa = PBXCopyFilesBuildPhase;
			buildActionMask = 2147483647;
			dstPath = /usr/share/man/man1/;
			dstSubfolderSpec = 0;
			files = (
			);
			runOnlyForDeploymentPostprocessing = 1;
		};
/* End PBXCopyFilesBuildPhase section */

/* Begin PBXFileReference section */
		6170B2B61EF2F59F00CD0ADD /* VoltageShift.h */ = {isa = PBXFileReference; fileEncoding = 4; lastKnownFileType = sourcecode.c.h; path = VoltageShift.h; sourceTree = "<group>"; };
		61C882121EFAFA77001DE175 /* README.md */ = {isa = PBXFileReference; fileEncoding = 4; lastKnownFileType = net.daringfireball.markdown; path = README.md; sourceTree = "<group>"; };
		AB1B031617E25FC000DD337E /* Foundation.framework */ = {isa = PBXFileReference; lastKnownFileType = wrapper.framework; name = Foundation.framework; path = System/Library/Frameworks/Foundation.framework; sourceTree = SDKROOT; };
		ABC74EFE17983B9900B182E7 /* VoltageShift.kext */ = {isa = PBXFileReference; explicitFileType = wrapper.cfbundle; includeInIndex = 0; path = VoltageShift.kext; sourceTree = BUILT_PRODUCTS_DIR; };
		ABC74F0217983B9900B182E7 /* Kernel.framework */ = {isa = PBXFileReference; lastKnownFileType = wrapper.framework; name = Kernel.framework; path = System/Library/Frameworks/Kernel.framework; sourceTree = SDKROOT; };
		ABC74F0517983B9900B182E7 /* VoltageShift-Info.plist */ = {isa = PBXFileReference; lastKnownFileType = text.plist.xml; path = "VoltageShift-Info.plist"; sourceTree = "<group>"; };
		ABC74F0717983B9900B182E7 /* en */ = {isa = PBXFileReference; lastKnownFileType = text.plist.strings; name = en; path = en.lproj/InfoPlist.strings; sourceTree = "<group>"; };
		ABC74F0A17983B9900B182E7 /* VoltageShfit.cpp */ = {isa = PBXFileReference; lastKnownFileType = sourcecode.cpp.cpp; path = VoltageShfit.cpp; sourceTree = "<group>"; };
		ABC74F0C17983B9900B182E7 /* VoltageShift-Prefix.pch */ = {isa = PBXFileReference; lastKnownFileType = sourcecode.c.h; path = "VoltageShift-Prefix.pch"; sourceTree = "<group>"; };
		CD24F6802DD0EBD8008FA335 /* main.mm */ = {isa = PBXFileReference; fileEncoding = 4; lastKnownFileType = sourcecode.cpp.objcpp; path = main.mm; sourceTree = "<group>"; };
		CD24F6922DD0ED75008FA335 /* voltageshiftd */ = {isa = PBXFileReference; explicitFileType = "compiled.mach-o.executable"; includeInIndex = 0; path = voltageshiftd; sourceTree = BUILT_PRODUCTS_DIR; };
		CD24F6A02DD0F2FD008FA335 /* libkmod.a */ = {isa = PBXFileReference; lastKnownFileType = archive.ar; name = libkmod.a; path = MacKernelSDK/Library/x86_64/libkmod.a; sourceTree = "<group>"; };
		CDE51A282AA765ED0022F6DC /* IOKit.framework */ = {isa = PBXFileReference; lastKnownFileType = wrapper.framework; name = IOKit.framework; path = System/Library/Frameworks/IOKit.framework; sourceTree = SDKROOT; };
/* End PBXFileReference section */

/* Begin PBXFrameworksBuildPhase section */
		ABC74EF917983B9900B182E7 /* Frameworks */ = {
			isa = PBXFrameworksBuildPhase;
			buildActionMask = 2147483647;
			files = (
				CD24F6A12DD0F2FD008FA335 /* libkmod.a in Frameworks */,
			);
			runOnlyForDeploymentPostprocessing = 0;
		};
		CD24F68F2DD0ED75008FA335 /* Frameworks */ = {
			isa = PBXFrameworksBuildPhase;
			buildActionMask = 2147483647;
			files = (
				CD24F69C2DD0EFEC008FA335 /* IOKit.framework in Frameworks */,
				CD24F69D2DD0EFEF008FA335 /* Foundation.framework in Frameworks */,
			);
			runOnlyForDeploymentPostprocessing = 0;
		};
/* End PBXFrameworksBuildPhase section */

/* Begin PBXGroup section */
		ABC74EF117983B9900B182E7 = {
			isa = PBXGroup;
			children = (
				61C882121EFAFA77001DE175 /* README.md */,
				ABC74F0317983B9900B182E7 /* VoltageShift */,
				CD24F67F2DD0EB64008FA335 /* voltageshiftd */,
				ABC74F0017983B9900B182E7 /* Frameworks */,
				ABC74EFF17983B9900B182E7 /* Products */,
			);
			sourceTree = "<group>";
		};
		ABC74EFF17983B9900B182E7 /* Products */ = {
			isa = PBXGroup;
			children = (
				ABC74EFE17983B9900B182E7 /* VoltageShift.kext */,
				CD24F6922DD0ED75008FA335 /* voltageshiftd */,
			);
			name = Products;
			sourceTree = "<group>";
		};
		ABC74F0017983B9900B182E7 /* Frameworks */ = {
			isa = PBXGroup;
			children = (
				CD24F6A02DD0F2FD008FA335 /* libkmod.a */,
				CDE51A282AA765ED0022F6DC /* IOKit.framework */,
				AB1B031617E25FC000DD337E /* Foundation.framework */,
				ABC74F0117983B9900B182E7 /* Other Frameworks */,
			);
			name = Frameworks;
			sourceTree = "<group>";
		};
		ABC74F0117983B9900B182E7 /* Other Frameworks */ = {
			isa = PBXGroup;
			children = (
				ABC74F0217983B9900B182E7 /* Kernel.framework */,
			);
			name = "Other Frameworks";
			sourceTree = "<group>";
		};
		ABC74F0317983B9900B182E7 /* VoltageShift */ = {
			isa = PBXGroup;
			children = (
				ABC74F0A17983B9900B182E7 /* VoltageShfit.cpp */,
				6170B2B61EF2F59F00CD0ADD /* VoltageShift.h */,
				ABC74F0417983B9900B182E7 /* Supporting Files */,
			);
			path = VoltageShift;
			sourceTree = "<group>";
		};
		ABC74F0417983B9900B182E7 /* Supporting Files */ = {
			isa = PBXGroup;
			children = (
				ABC74F0517983B9900B182E7 /* VoltageShift-Info.plist */,
				ABC74F0617983B9900B182E7 /* InfoPlist.strings */,
				ABC74F0C17983B9900B182E7 /* VoltageShift-Prefix.pch */,
			);
			name = "Supporting Files";
			sourceTree = "<group>";
		};
		CD24F67F2DD0EB64008FA335 /* voltageshiftd */ = {
			isa = PBXGroup;
			children = (
				CD24F6802DD0EBD8008FA335 /* main.mm */,
			);
			path = voltageshiftd;
			sourceTree = "<group>";
		};
/* End PBXGroup section */

/* Begin PBXHeadersBuildPhase section */
		ABC74EFA17983B9900B182E7 /* Headers */ = {
			isa = PBXHeadersBuildPhase;
			buildActionMask = 2147483647;
			files = (
				6170B2B71EF2F59F00CD0ADD /* VoltageShift.h in Headers */,
			);
			runOnlyForDeploymentPostprocessing = 0;
		};
/* End PBXHeadersBuildPhase section */

/* Begin PBXNativeTarget section */
		ABC74EFD17983B9900B182E7 /* VoltageShift */ = {
			isa = PBXNativeTarget;
			buildConfigurationList = ABC74F0F17983B9900B182E7 /* Build configuration list for PBXNativeTarget "VoltageShift" */;
			buildPhases = (
				ABC74EF817983B9900B182E7 /* Sources */,
				ABC74EF917983B9900B182E7 /* Frameworks */,
				ABC74EFA17983B9900B182E7 /* Headers */,
				ABC74EFB17983B9900B182E7 /* Resources */,
				ABC74EFC17983B9900B182E7 /* Rez */,
				CDA3240F2AD8E70200D7646C /* Archive */,
			);
			buildRules = (
			);
			dependencies = (
				CD24F69B2DD0EE43008FA335 /* PBXTargetDependency */,
			);
			name = VoltageShift;
			productName = VoltageShift;
			productReference = ABC74EFE17983B9900B182E7 /* VoltageShift.kext */;
			productType = "com.apple.product-type.kernel-extension";
		};
		CD24F6912DD0ED75008FA335 /* voltageshiftd */ = {
			isa = PBXNativeTarget;
			buildConfigurationList = CD24F6962DD0ED75008FA335 /* Build configuration list for PBXNativeTarget "voltageshiftd" */;
			buildPhases = (
				CD24F68E2DD0ED75008FA335 /* Sources */,
				CD24F68F2DD0ED75008FA335 /* Frameworks */,
				CD24F6902DD0ED75008FA335 /* CopyFiles */,
			);
			buildRules = (
			);
			dependencies = (
			);
			name = voltageshiftd;
			productName = voltageshiftd;
			productReference = CD24F6922DD0ED75008FA335 /* voltageshiftd */;
			productType = "com.apple.product-type.tool";
		};
/* End PBXNativeTarget section */

/* Begin PBXProject section */
		ABC74EF317983B9900B182E7 /* Project object */ = {
			isa = PBXProject;
			attributes = {
				LastUpgradeCheck = 1420;
				ORGANIZATIONNAME = SiCreative;
				TargetAttributes = {
					ABC74EFD17983B9900B182E7 = {
						ProvisioningStyle = Manual;
					};
					CD24F6912DD0ED75008FA335 = {
						ProvisioningStyle = Manual;
					};
				};
			};
			buildConfigurationList = ABC74EF617983B9900B182E7 /* Build configuration list for PBXProject "VoltageShift" */;
			compatibilityVersion = "Xcode 8.0";
			developmentRegion = en;
			hasScannedForEncodings = 0;
			knownRegions = (
				en,
				Base,
			);
			mainGroup = ABC74EF117983B9900B182E7;
			productRefGroup = ABC74EFF17983B9900B182E7 /* Products */;
			projectDirPath = "";
			projectRoot = "";
			targets = (
				ABC74EFD17983B9900B182E7 /* VoltageShift */,
				CD24F6912DD0ED75008FA335 /* voltageshiftd */,
			);
		};
/* End PBXProject section */

/* Begin PBXResourcesBuildPhase section */
		ABC74EFB17983B9900B182E7 /* Resources */ = {
			isa = PBXResourcesBuildPhase;
			buildActionMask = 2147483647;
			files = (
				CD24F6A22DD0F321008FA335 /* InfoPlist.strings in Resources */,
			);
			runOnlyForDeploymentPostprocessing = 0;
		};
/* End PBXResourcesBuildPhase section */

/* Begin PBXRezBuildPhase section */
		ABC74EFC17983B9900B182E7 /* Rez */ = {
			isa = PBXRezBuildPhase;
			buildActionMask = 2147483647;
			files = (
			);
			runOnlyForDeploymentPostprocessing = 0;
		};
/* End PBXRezBuildPhase section */

/* Begin PBXShellScriptBuildPhase section */
		CDA3240F2AD8E70200D7646C /* Archive */ = {
			isa = PBXShellScriptBuildPhase;
			buildActionMask = 2147483647;
			files = (
			);
			inputFileListPaths = (
			);
			inputPaths = (
			);
			name = Archive;
			outputFileListPaths = (
			);
			outputPaths = (
			);
			runOnlyForDeploymentPostprocessing = 0;
			shellPath = /bin/bash;
			shellScript = "cd \"${TARGET_BUILD_DIR}\"\n\ndist=(\"$FULL_PRODUCT_NAME\")\ndist+=(\"voltageshiftd\")\nif [ -d \"$DWARF_DSYM_FILE_NAME\" ]; then dist+=(\"$DWARF_DSYM_FILE_NAME\"); fi\n\narchive=\"${PRODUCT_NAME}-${MODULE_VERSION}-$(echo $CONFIGURATION | tr /a-z/ /A-Z/).zip\"\nrm -rf *.zip\n\nstrip -S \"${EXECUTABLE_PATH}\"\nif [ \"$CONFIGURATION\" == \"Release\" ]; then\n strip -x -T \"${EXECUTABLE_PATH}\" &>/dev/null || strip -x \"${EXECUTABLE_PATH}\"\nfi\nzip -qry -FS \"${archive}\" \"${dist[@]}\"\n";
		};
/* End PBXShellScriptBuildPhase section */

/* Begin PBXSourcesBuildPhase section */
		ABC74EF817983B9900B182E7 /* Sources */ = {
			isa = PBXSourcesBuildPhase;
			buildActionMask = 2147483647;
			files = (
				AB47DDBA17E2893200840FD1 /* VoltageShfit.cpp in Sources */,
			);
			runOnlyForDeploymentPostprocessing = 0;
		};
		CD24F68E2DD0ED75008FA335 /* Sources */ = {
			isa = PBXSourcesBuildPhase;
			buildActionMask = 2147483647;
			files = (
				CD24F6992DD0EDF1008FA335 /* main.mm in Sources */,
			);
			runOnlyForDeploymentPostprocessing = 0;
		};
/* End PBXSourcesBuildPhase section */

/* Begin PBXTargetDependency section */
		CD24F69B2DD0EE43008FA335 /* PBXTargetDependency */ = {
			isa = PBXTargetDependency;
			target = CD24F6912DD0ED75008FA335 /* voltageshiftd */;
			targetProxy = CD24F69A2DD0EE43008FA335 /* PBXContainerItemProxy */;
		};
/* End PBXTargetDependency section */

/* Begin PBXVariantGroup section */
		ABC74F0617983B9900B182E7 /* InfoPlist.strings */ = {
			isa = PBXVariantGroup;
			children = (
				ABC74F0717983B9900B182E7 /* en */,
			);
			name = InfoPlist.strings;
			sourceTree = "<group>";
		};
/* End PBXVariantGroup section */

/* Begin XCBuildConfiguration section */
		ABC74F0D17983B9900B182E7 /* Debug */ = {
			isa = XCBuildConfiguration;
			buildSettings = {
				ALWAYS_SEARCH_USER_PATHS = NO;
				ARCHS = x86_64;
				CLANG_ANALYZER_LOCALIZABILITY_NONLOCALIZED = YES;
				CLANG_CXX_LANGUAGE_STANDARD = "gnu++0x";
				CLANG_CXX_LIBRARY = "libc++";
				CLANG_WARN_BLOCK_CAPTURE_AUTORELEASING = YES;
				CLANG_WARN_BOOL_CONVERSION = YES;
				CLANG_WARN_COMMA = YES;
				CLANG_WARN_CONSTANT_CONVERSION = YES;
				CLANG_WARN_DEPRECATED_OBJC_IMPLEMENTATIONS = YES;
				CLANG_WARN_EMPTY_BODY = YES;
				CLANG_WARN_ENUM_CONVERSION = YES;
				CLANG_WARN_INFINITE_RECURSION = YES;
				CLANG_WARN_INT_CONVERSION = YES;
				CLANG_WARN_NON_LITERAL_NULL_CONVERSION = YES;
				CLANG_WARN_OBJC_IMPLICIT_RETAIN_SELF = YES;
				CLANG_WARN_OBJC_LITERAL_CONVERSION = YES;
				CLANG_WARN_QUOTED_INCLUDE_IN_FRAMEWORK_HEADER = YES;
				CLANG_WARN_RANGE_LOOP_ANALYSIS = YES;
				CLANG_WARN_STRICT_PROTOTYPES = YES;
				CLANG_WARN_SUSPICIOUS_MOVE = YES;
				CLANG_WARN_UNREACHABLE_CODE = YES;
				CLANG_WARN__DUPLICATE_METHOD_MATCH = YES;
				COPY_PHASE_STRIP = NO;
				ENABLE_STRICT_OBJC_MSGSEND = YES;
				ENABLE_TESTABILITY = YES;
				EXCLUDED_ARCHS = arm64e;
				GCC_C_LANGUAGE_STANDARD = gnu99;
				GCC_DYNAMIC_NO_PIC = NO;
				GCC_ENABLE_OBJC_EXCEPTIONS = YES;
				GCC_NO_COMMON_BLOCKS = YES;
				GCC_OPTIMIZATION_LEVEL = 0;
				GCC_PREPROCESSOR_DEFINITIONS = (
					"DEBUG=1",
					"$(inherited)",
				);
				GCC_SYMBOLS_PRIVATE_EXTERN = NO;
				GCC_WARN_64_TO_32_BIT_CONVERSION = YES;
				GCC_WARN_ABOUT_RETURN_TYPE = YES;
				GCC_WARN_UNDECLARED_SELECTOR = YES;
				GCC_WARN_UNINITIALIZED_AUTOS = YES;
				GCC_WARN_UNUSED_FUNCTION = YES;
				GCC_WARN_UNUSED_VARIABLE = YES;
				KERNEL_EXTENSION_HEADER_SEARCH_PATHS = "$(PROJECT_DIR)/MacKernelSDK/Headers";
				KERNEL_FRAMEWORK_HEADERS = "$(PROJECT_DIR)/MacKernelSDK/Headers";
				MACOSX_DEPLOYMENT_TARGET = 10.12;
				ONLY_ACTIVE_ARCH = YES;
				SDKROOT = macosx;
				VALID_ARCHS = x86_64;
			};
			name = Debug;
		};
		ABC74F0E17983B9900B182E7 /* Release */ = {
			isa = XCBuildConfiguration;
			buildSettings = {
				ALWAYS_SEARCH_USER_PATHS = NO;
				ARCHS = x86_64;
				CLANG_ANALYZER_LOCALIZABILITY_NONLOCALIZED = YES;
				CLANG_CXX_LANGUAGE_STANDARD = "gnu++0x";
				CLANG_CXX_LIBRARY = "libc++";
				CLANG_WARN_BLOCK_CAPTURE_AUTORELEASING = YES;
				CLANG_WARN_BOOL_CONVERSION = YES;
				CLANG_WARN_COMMA = YES;
				CLANG_WARN_CONSTANT_CONVERSION = YES;
				CLANG_WARN_DEPRECATED_OBJC_IMPLEMENTATIONS = YES;
				CLANG_WARN_EMPTY_BODY = YES;
				CLANG_WARN_ENUM_CONVERSION = YES;
				CLANG_WARN_INFINITE_RECURSION = YES;
				CLANG_WARN_INT_CONVERSION = YES;
				CLANG_WARN_NON_LITERAL_NULL_CONVERSION = YES;
				CLANG_WARN_OBJC_IMPLICIT_RETAIN_SELF = YES;
				CLANG_WARN_OBJC_LITERAL_CONVERSION = YES;
				CLANG_WARN_QUOTED_INCLUDE_IN_FRAMEWORK_HEADER = YES;
				CLANG_WARN_RANGE_LOOP_ANALYSIS = YES;
				CLANG_WARN_STRICT_PROTOTYPES = YES;
				CLANG_WARN_SUSPICIOUS_MOVE = YES;
				CLANG_WARN_UNREACHABLE_CODE = YES;
				CLANG_WARN__DUPLICATE_METHOD_MATCH = YES;
				COPY_PHASE_STRIP = YES;
				DEBUG_INFORMATION_FORMAT = "dwarf-with-dsym";
				ENABLE_STRICT_OBJC_MSGSEND = YES;
				EXCLUDED_ARCHS = arm64e;
				GCC_C_LANGUAGE_STANDARD = gnu99;
				GCC_ENABLE_OBJC_EXCEPTIONS = YES;
				GCC_NO_COMMON_BLOCKS = YES;
				GCC_WARN_64_TO_32_BIT_CONVERSION = YES;
				GCC_WARN_ABOUT_RETURN_TYPE = YES;
				GCC_WARN_UNDECLARED_SELECTOR = YES;
				GCC_WARN_UNINITIALIZED_AUTOS = YES;
				GCC_WARN_UNUSED_FUNCTION = YES;
				GCC_WARN_UNUSED_VARIABLE = YES;
				KERNEL_EXTENSION_HEADER_SEARCH_PATHS = "$(PROJECT_DIR)/MacKernelSDK/Headers";
				KERNEL_FRAMEWORK_HEADERS = "$(PROJECT_DIR)/MacKernelSDK/Headers";
				MACOSX_DEPLOYMENT_TARGET = 10.12;
				SDKROOT = macosx;
				VALID_ARCHS = x86_64;
			};
			name = Release;
		};
		ABC74F1017983B9900B182E7 /* Debug */ = {
			isa = XCBuildConfiguration;
			buildSettings = {
				CLANG_ANALYZER_DEADCODE_DEADSTORES = NO;
				CLANG_ANALYZER_DIVIDE_BY_ZERO = NO;
				CLANG_ANALYZER_NULL_DEREFERENCE = NO;
				CLANG_ENABLE_OBJC_WEAK = YES;
				CODE_SIGN_IDENTITY = "";
				CODE_SIGN_STYLE = Manual;
				COMBINE_HIDPI_IMAGES = YES;
				CURRENT_PROJECT_VERSION = 1.30;
				DEAD_CODE_STRIPPING = YES;
				ENABLE_HARDENED_RUNTIME = YES;
				GCC_PRECOMPILE_PREFIX_HEADER = YES;
				GCC_PREFIX_HEADER = "VoltageShift/VoltageShift-Prefix.pch";
				GCC_VERSION = "";
				INFOPLIST_FILE = "VoltageShift/VoltageShift-Info.plist";
				LIBRARY_SEARCH_PATHS = (
					"$(inherited)",
					"$(PROJECT_DIR)/MacKernelSDK/Library/x86_64",
				);
				MACOSX_DEPLOYMENT_TARGET = 10.12;
				MARKETING_VERSION = 1.30;
				MODULE_NAME = com.sicreative.VoltageShift;
				MODULE_VERSION = 1.30;
				OTHER_CFLAGS = (
					"-mmmx",
					"-msse",
					"-msse2",
					"-msse3",
					"-mfpmath=sse",
					"-mssse3",
					"-ftree-vectorize",
					"-fno-non-call-exceptions",
					"-fno-builtin",
					"-fno-asynchronous-unwind-tables",
					"-Wno-inconsistent-missing-override",
					"-Wno-unknown-warning-option",
					"-Wno-ossharedptr-misuse",
					"-Wno-stdlibcxx-not-found",
				);
				OTHER_LDFLAGS = "-static";
				PRODUCT_BUNDLE_IDENTIFIER = com.sicreative.VoltageShift;
				PRODUCT_NAME = "$(TARGET_NAME)";
				RUN_CLANG_STATIC_ANALYZER = YES;
				WRAPPER_EXTENSION = kext;
			};
			name = Debug;
		};
		ABC74F1117983B9900B182E7 /* Release */ = {
			isa = XCBuildConfiguration;
			buildSettings = {
				CLANG_ENABLE_OBJC_WEAK = YES;
				CODE_SIGN_IDENTITY = "";
				CODE_SIGN_STYLE = Manual;
				COMBINE_HIDPI_IMAGES = YES;
				CURRENT_PROJECT_VERSION = 1.30;
				DEAD_CODE_STRIPPING = YES;
				ENABLE_HARDENED_RUNTIME = YES;
				GCC_PRECOMPILE_PREFIX_HEADER = YES;
				GCC_PREFIX_HEADER = "VoltageShift/VoltageShift-Prefix.pch";
				GCC_VERSION = "";
				INFOPLIST_FILE = "VoltageShift/VoltageShift-Info.plist";
				LIBRARY_SEARCH_PATHS = (
					"$(inherited)",
					"$(PROJECT_DIR)/MacKernelSDK/Library/x86_64",
				);
				MACOSX_DEPLOYMENT_TARGET = 10.12;
				MARKETING_VERSION = 1.30;
				MODULE_NAME = com.sicreative.VoltageShift;
				MODULE_VERSION = 1.30;
				OTHER_CFLAGS = (
					"-mmmx",
					"-msse",
					"-msse2",
					"-msse3",
					"-mfpmath=sse",
					"-mssse3",
					"-ftree-vectorize",
					"-fno-non-call-exceptions",
					"-fno-builtin",
					"-fno-asynchronous-unwind-tables",
					"-Wno-inconsistent-missing-override",
					"-Wno-unknown-warning-option",
					"-Wno-ossharedptr-misuse",
					"-Wno-stdlibcxx-not-found",
				);
				OTHER_LDFLAGS = "-static";
				PRODUCT_BUNDLE_IDENTIFIER = com.sicreative.VoltageShift;
				PRODUCT_NAME = "$(TARGET_NAME)";
				WRAPPER_EXTENSION = kext;
			};
			name = Release;
		};
		CD24F6972DD0ED75008FA335 /* Debug */ = {
			isa = XCBuildConfiguration;
			buildSettings = {
				CLANG_ENABLE_OBJC_WEAK = YES;
				CODE_SIGN_ENTITLEMENTS = "";
				CODE_SIGN_IDENTITY = "";
				"CODE_SIGN_IDENTITY[sdk=macosx*]" = "-";
				CODE_SIGN_INJECT_BASE_ENTITLEMENTS = NO;
				CODE_SIGN_STYLE = Manual;
				GCC_PRECOMPILE_PREFIX_HEADER = YES;
				GCC_PREFIX_HEADER = "VoltageShift/VoltageShift-Prefix.pch";
				MACOSX_DEPLOYMENT_TARGET = 10.12;
				PRODUCT_NAME = "$(TARGET_NAME)";
			};
			name = Debug;
		};
		CD24F6982DD0ED75008FA335 /* Release */ = {
			isa = XCBuildConfiguration;
			buildSettings = {
				CLANG_ENABLE_OBJC_WEAK = YES;
				CODE_SIGN_ENTITLEMENTS = "";
				CODE_SIGN_IDENTITY = "";
				"CODE_SIGN_IDENTITY[sdk=macosx*]" = "-";
				CODE_SIGN_INJECT_BASE_ENTITLEMENTS = NO;
				CODE_SIGN_STYLE = Manual;
				ENABLE_NS_ASSERTIONS = NO;
				GCC_PRECOMPILE_PREFIX_HEADER = YES;
				GCC_PREFIX_HEADER = "VoltageShift/VoltageShift-Prefix.pch";
				MACOSX_DEPLOYMENT_TARGET = 10.12;
				PRODUCT_NAME = "$(TARGET_NAME)";
			};
			name = Release;
		};
/* End XCBuildConfiguration section */

/* Begin XCConfigurationList section */
		ABC74EF617983B9900B182E7 /* Build configuration list for PBXProject "VoltageShift" */ = {
			isa = XCConfigurationList;
			buildConfigurations = (
				ABC74F0D17983B9900B182E7 /* Debug */,
				ABC74F0E17983B9900B182E7 /* Release */,
			);
			defaultConfigurationIsVisible = 0;
			defaultConfigurationName = Release;
		};
		ABC74F0F17983B9900B182E7 /* Build configuration list for PBXNativeTarget "VoltageShift" */ = {
			isa = XCConfigurationList;
			buildConfigurations = (
				ABC74F1017983B9900B182E7 /* Debug */,
				ABC74F1117983B9900B182E7 /* Release */,
			);
			defaultConfigurationIsVisible = 0;
			defaultConfigurationName = Release;
		};
		CD24F6962DD0ED75008FA335 /* Build configuration list for PBXNativeTarget "voltageshiftd" */ = {
			isa = XCConfigurationList;
			buildConfigurations = (
				CD24F6972DD0ED75008FA335 /* Debug */,
				CD24F6982DD0ED75008FA335 /* Release */,
			);
			defaultConfigurationIsVisible = 0;
			defaultConfigurationName = Release;
		};
/* End XCConfigurationList section */
	};
	rootObject = ABC74EF317983B9900B182E7 /* Project object */;
}
